
Microsoft Visual Studio Solution File, Format Version 12.00
# Visual Studio Version 17
VisualStudioVersion = 17.8.34330.188
MinimumVisualStudioVersion = 10.0.40219.1
Project("{9A19103F-16F7-4668-BE54-9A1E7A4F7556}") = "Autodissmark.API", "src\Autodissmark.API\Autodissmark.API.csproj", "{E708940E-0FB2-449D-9B83-E8162D11F76D}"
EndProject
Project("{2150E333-8FDC-42A3-9474-1A3956D46DE8}") = "src", "src", "{94B91207-BBCE-4B36-B60C-7AB4655CAFC7}"
EndProject
Project("{9A19103F-16F7-4668-BE54-9A1E7A4F7556}") = "Autodissmark.Core", "src\Autodissmark.Core\Autodissmark.Core.csproj", "{EEA81195-DAE7-410E-988F-0273D400E060}"
EndProject
Project("{FAE04EC0-301F-11D3-BF4B-00C04F79EFBC}") = "Autodissmark.ExternalServices", "src\Autodissmark.ExternalServices\Autodissmark.ExternalServices.csproj", "{21387C77-661D-4C5D-A761-82EC48292C25}"
EndProject
Project("{FAE04EC0-301F-11D3-BF4B-00C04F79EFBC}") = "Autodissmark.Application", "src\Autodissmark.Application\Autodissmark.Application.csproj", "{7111F709-C579-40B8-AF7B-D5258E70636E}"
EndProject
Global
	GlobalSection(SolutionConfigurationPlatforms) = preSolution
		Debug|Any CPU = Debug|Any CPU
		Release|Any CPU = Release|Any CPU
	EndGlobalSection
	GlobalSection(ProjectConfigurationPlatforms) = postSolution
		{E708940E-0FB2-449D-9B83-E8162D11F76D}.Debug|Any CPU.ActiveCfg = Debug|Any CPU
		{E708940E-0FB2-449D-9B83-E8162D11F76D}.Debug|Any CPU.Build.0 = Debug|Any CPU
		{E708940E-0FB2-449D-9B83-E8162D11F76D}.Release|Any CPU.ActiveCfg = Release|Any CPU
		{E708940E-0FB2-449D-9B83-E8162D11F76D}.Release|Any CPU.Build.0 = Release|Any CPU
		{EEA81195-DAE7-410E-988F-0273D400E060}.Debug|Any CPU.ActiveCfg = Debug|Any CPU
		{EEA81195-DAE7-410E-988F-0273D400E060}.Debug|Any CPU.Build.0 = Debug|Any CPU
		{EEA81195-DAE7-410E-988F-0273D400E060}.Release|Any CPU.ActiveCfg = Release|Any CPU
		{EEA81195-DAE7-410E-988F-0273D400E060}.Release|Any CPU.Build.0 = Release|Any CPU
		{21387C77-661D-4C5D-A761-82EC48292C25}.Debug|Any CPU.ActiveCfg = Debug|Any CPU
		{21387C77-661D-4C5D-A761-82EC48292C25}.Debug|Any CPU.Build.0 = Debug|Any CPU
		{21387C77-661D-4C5D-A761-82EC48292C25}.Release|Any CPU.ActiveCfg = Release|Any CPU
		{21387C77-661D-4C5D-A761-82EC48292C25}.Release|Any CPU.Build.0 = Release|Any CPU
		{7111F709-C579-40B8-AF7B-D5258E70636E}.Debug|Any CPU.ActiveCfg = Debug|Any CPU
		{7111F709-C579-40B8-AF7B-D5258E70636E}.Debug|Any CPU.Build.0 = Debug|Any CPU
		{7111F709-C579-40B8-AF7B-D5258E70636E}.Release|Any CPU.ActiveCfg = Release|Any CPU
		{7111F709-C579-40B8-AF7B-D5258E70636E}.Release|Any CPU.Build.0 = Release|Any CPU
	EndGlobalSection
	GlobalSection(SolutionProperties) = preSolution
		HideSolutionNode = FALSE
	EndGlobalSection
	GlobalSection(NestedProjects) = preSolution
		{E708940E-0FB2-449D-9B83-E8162D11F76D} = {94B91207-BBCE-4B36-B60C-7AB4655CAFC7}
		{EEA81195-DAE7-410E-988F-0273D400E060} = {94B91207-BBCE-4B36-B60C-7AB4655CAFC7}
		{21387C77-661D-4C5D-A761-82EC48292C25} = {94B91207-BBCE-4B36-B60C-7AB4655CAFC7}
		{7111F709-C579-40B8-AF7B-D5258E70636E} = {94B91207-BBCE-4B36-B60C-7AB4655CAFC7}
	EndGlobalSection
	GlobalSection(ExtensibilityGlobals) = postSolution
		SolutionGuid = {3A53EAC9-77A0-499D-B593-E1A73DB7A828}
	EndGlobalSection
EndGlobal
